// !$*UTF8*$!
{
	archiveVersion = 1;
	classes = {
	};
	objectVersion = 77;
	objects = {

/* Begin PBXBuildFile section */
		04F63BBE2CAAE66A001B4AB4 /* SnapKit in Frameworks */ = {isa = PBXBuildFile; productRef = 04F63BBD2CAAE66A001B4AB4 /* SnapKit */; };
/* End PBXBuildFile section */

/* Begin PBXContainerItemProxy section */
		04F63B9D2CAAE04A001B4AB4 /* PBXContainerItemProxy */ = {
			isa = PBXContainerItemProxy;
			containerPortal = 04F63B7E2CAAE047001B4AB4 /* Project object */;
			proxyType = 1;
			remoteGlobalIDString = 04F63B852CAAE047001B4AB4;
			remoteInfo = Collections;
		};
		04F63BA72CAAE04A001B4AB4 /* PBXContainerItemProxy */ = {
			isa = PBXContainerItemProxy;
			containerPortal = 04F63B7E2CAAE047001B4AB4 /* Project object */;
			proxyType = 1;
			remoteGlobalIDString = 04F63B852CAAE047001B4AB4;
			remoteInfo = Collections;
		};
/* End PBXContainerItemProxy section */

/* Begin PBXFileReference section */
		04F63B862CAAE047001B4AB4 /* Collections.app */ = {isa = PBXFileReference; explicitFileType = wrapper.application; includeInIndex = 0; path = Collections.app; sourceTree = BUILT_PRODUCTS_DIR; };
		04F63B9C2CAAE04A001B4AB4 /* CollectionsTests.xctest */ = {isa = PBXFileReference; explicitFileType = wrapper.cfbundle; includeInIndex = 0; path = CollectionsTests.xctest; sourceTree = BUILT_PRODUCTS_DIR; };
		04F63BA62CAAE04A001B4AB4 /* CollectionsUITests.xctest */ = {isa = PBXFileReference; explicitFileType = wrapper.cfbundle; includeInIndex = 0; path = CollectionsUITests.xctest; sourceTree = BUILT_PRODUCTS_DIR; };
/* End PBXFileReference section */

/* Begin PBXFileSystemSynchronizedBuildFileExceptionSet section */
		04F63BAE2CAAE04A001B4AB4 /* Exceptions for "Collections" folder in "Collections" target */ = {
			isa = PBXFileSystemSynchronizedBuildFileExceptionSet;
			membershipExceptions = (
				Info.plist,
			);
			target = 04F63B852CAAE047001B4AB4 /* Collections */;
		};
/* End PBXFileSystemSynchronizedBuildFileExceptionSet section */

/* Begin PBXFileSystemSynchronizedRootGroup section */
		04F63B882CAAE047001B4AB4 /* Collections */ = {
			isa = PBXFileSystemSynchronizedRootGroup;
			exceptions = (
				04F63BAE2CAAE04A001B4AB4 /* Exceptions for "Collections" folder in "Collections" target */,
			);
			path = Collections;
			sourceTree = "<group>";
		};
		04F63B9F2CAAE04A001B4AB4 /* CollectionsTests */ = {
			isa = PBXFileSystemSynchronizedRootGroup;
			path = CollectionsTests;
			sourceTree = "<group>";
		};
		04F63BA92CAAE04A001B4AB4 /* CollectionsUITests */ = {
			isa = PBXFileSystemSynchronizedRootGroup;
			path = CollectionsUITests;
			sourceTree = "<group>";
		};
		04F63BD72CAB004B001B4AB4 /* ArraySetDictionary */ = {
			isa = PBXFileSystemSynchronizedRootGroup;
			path = ArraySetDictionary;
			sourceTree = "<group>";
		};
/* End PBXFileSystemSynchronizedRootGroup section */

/* Begin PBXFrameworksBuildPhase section */
		04F63B832CAAE047001B4AB4 /* Frameworks */ = {
			isa = PBXFrameworksBuildPhase;
			buildActionMask = 2147483647;
			files = (
				04F63BBE2CAAE66A001B4AB4 /* SnapKit in Frameworks */,
			);
			runOnlyForDeploymentPostprocessing = 0;
		};
		04F63B992CAAE04A001B4AB4 /* Frameworks */ = {
			isa = PBXFrameworksBuildPhase;
			buildActionMask = 2147483647;
			files = (
			);
			runOnlyForDeploymentPostprocessing = 0;
		};
		04F63BA32CAAE04A001B4AB4 /* Frameworks */ = {
			isa = PBXFrameworksBuildPhase;
			buildActionMask = 2147483647;
			files = (
			);
			runOnlyForDeploymentPostprocessing = 0;
		};
/* End PBXFrameworksBuildPhase section */

/* Begin PBXGroup section */
		04F63B7D2CAAE047001B4AB4 = {
			isa = PBXGroup;
			children = (
				04F63B882CAAE047001B4AB4 /* Collections */,
				04F63BD72CAB004B001B4AB4 /* ArraySetDictionary */,
				04F63B9F2CAAE04A001B4AB4 /* CollectionsTests */,
				04F63BA92CAAE04A001B4AB4 /* CollectionsUITests */,
				04F63B872CAAE047001B4AB4 /* Products */,
			);
			sourceTree = "<group>";
		};
		04F63B872CAAE047001B4AB4 /* Products */ = {
			isa = PBXGroup;
			children = (
				04F63B862CAAE047001B4AB4 /* Collections.app */,
				04F63B9C2CAAE04A001B4AB4 /* CollectionsTests.xctest */,
				04F63BA62CAAE04A001B4AB4 /* CollectionsUITests.xctest */,
			);
			name = Products;
			sourceTree = "<group>";
		};
/* End PBXGroup section */

/* Begin PBXNativeTarget section */
		04F63B852CAAE047001B4AB4 /* Collections */ = {
			isa = PBXNativeTarget;
			buildConfigurationList = 04F63BAF2CAAE04A001B4AB4 /* Build configuration list for PBXNativeTarget "Collections" */;
			buildPhases = (
				04F63B822CAAE047001B4AB4 /* Sources */,
				04F63B832CAAE047001B4AB4 /* Frameworks */,
				04F63B842CAAE047001B4AB4 /* Resources */,
			);
			buildRules = (
			);
			dependencies = (
			);
			fileSystemSynchronizedGroups = (
				04F63B882CAAE047001B4AB4 /* Collections */,
				04F63BD72CAB004B001B4AB4 /* ArraySetDictionary */,
			);
			name = Collections;
			packageProductDependencies = (
				04F63BBD2CAAE66A001B4AB4 /* SnapKit */,
			);
			productName = Collections;
			productReference = 04F63B862CAAE047001B4AB4 /* Collections.app */;
			productType = "com.apple.product-type.application";
		};
		04F63B9B2CAAE04A001B4AB4 /* CollectionsTests */ = {
			isa = PBXNativeTarget;
			buildConfigurationList = 04F63BB42CAAE04A001B4AB4 /* Build configuration list for PBXNativeTarget "CollectionsTests" */;
			buildPhases = (
				04F63B982CAAE04A001B4AB4 /* Sources */,
				04F63B992CAAE04A001B4AB4 /* Frameworks */,
				04F63B9A2CAAE04A001B4AB4 /* Resources */,
			);
			buildRules = (
			);
			dependencies = (
				04F63B9E2CAAE04A001B4AB4 /* PBXTargetDependency */,
			);
			fileSystemSynchronizedGroups = (
				04F63B9F2CAAE04A001B4AB4 /* CollectionsTests */,
			);
			name = CollectionsTests;
			packageProductDependencies = (
			);
			productName = CollectionsTests;
			productReference = 04F63B9C2CAAE04A001B4AB4 /* CollectionsTests.xctest */;
			productType = "com.apple.product-type.bundle.unit-test";
		};
		04F63BA52CAAE04A001B4AB4 /* CollectionsUITests */ = {
			isa = PBXNativeTarget;
			buildConfigurationList = 04F63BB72CAAE04A001B4AB4 /* Build configuration list for PBXNativeTarget "CollectionsUITests" */;
			buildPhases = (
				04F63BA22CAAE04A001B4AB4 /* Sources */,
				04F63BA32CAAE04A001B4AB4 /* Frameworks */,
				04F63BA42CAAE04A001B4AB4 /* Resources */,
			);
			buildRules = (
			);
			dependencies = (
				04F63BA82CAAE04A001B4AB4 /* PBXTargetDependency */,
			);
			fileSystemSynchronizedGroups = (
				04F63BA92CAAE04A001B4AB4 /* CollectionsUITests */,
			);
			name = CollectionsUITests;
			packageProductDependencies = (
			);
			productName = CollectionsUITests;
			productReference = 04F63BA62CAAE04A001B4AB4 /* CollectionsUITests.xctest */;
			productType = "com.apple.product-type.bundle.ui-testing";
		};
/* End PBXNativeTarget section */

/* Begin PBXProject section */
		04F63B7E2CAAE047001B4AB4 /* Project object */ = {
			isa = PBXProject;
			attributes = {
				BuildIndependentTargetsInParallel = 1;
				LastSwiftUpdateCheck = 1600;
				LastUpgradeCheck = 1600;
				TargetAttributes = {
					04F63B852CAAE047001B4AB4 = {
						CreatedOnToolsVersion = 16.0;
					};
					04F63B9B2CAAE04A001B4AB4 = {
						CreatedOnToolsVersion = 16.0;
						TestTargetID = 04F63B852CAAE047001B4AB4;
					};
					04F63BA52CAAE04A001B4AB4 = {
						CreatedOnToolsVersion = 16.0;
						TestTargetID = 04F63B852CAAE047001B4AB4;
					};
				};
			};
			buildConfigurationList = 04F63B812CAAE047001B4AB4 /* Build configuration list for PBXProject "Collections" */;
			developmentRegion = en;
			hasScannedForEncodings = 0;
			knownRegions = (
				en,
				Base,
			);
			mainGroup = 04F63B7D2CAAE047001B4AB4;
			minimizedProjectReferenceProxies = 1;
			packageReferences = (
				04F63BBC2CAAE66A001B4AB4 /* XCRemoteSwiftPackageReference "SnapKit" */,
			);
			preferredProjectObjectVersion = 77;
			productRefGroup = 04F63B872CAAE047001B4AB4 /* Products */;
			projectDirPath = "";
			projectRoot = "";
			targets = (
				04F63B852CAAE047001B4AB4 /* Collections */,
				04F63B9B2CAAE04A001B4AB4 /* CollectionsTests */,
				04F63BA52CAAE04A001B4AB4 /* CollectionsUITests */,
			);
		};
/* End PBXProject section */

/* Begin PBXResourcesBuildPhase section */
		04F63B842CAAE047001B4AB4 /* Resources */ = {
			isa = PBXResourcesBuildPhase;
			buildActionMask = 2147483647;
			files = (
			);
			runOnlyForDeploymentPostprocessing = 0;
		};
		04F63B9A2CAAE04A001B4AB4 /* Resources */ = {
			isa = PBXResourcesBuildPhase;
			buildActionMask = 2147483647;
			files = (
			);
			runOnlyForDeploymentPostprocessing = 0;
		};
		04F63BA42CAAE04A001B4AB4 /* Resources */ = {
			isa = PBXResourcesBuildPhase;
			buildActionMask = 2147483647;
			files = (
			);
			runOnlyForDeploymentPostprocessing = 0;
		};
/* End PBXResourcesBuildPhase section */

/* Begin PBXSourcesBuildPhase section */
		04F63B822CAAE047001B4AB4 /* Sources */ = {
			isa = PBXSourcesBuildPhase;
			buildActionMask = 2147483647;
			files = (
			);
			runOnlyForDeploymentPostprocessing = 0;
		};
		04F63B982CAAE04A001B4AB4 /* Sources */ = {
			isa = PBXSourcesBuildPhase;
			buildActionMask = 2147483647;
			files = (
			);
			runOnlyForDeploymentPostprocessing = 0;
		};
		04F63BA22CAAE04A001B4AB4 /* Sources */ = {
			isa = PBXSourcesBuildPhase;
			buildActionMask = 2147483647;
			files = (
			);
			runOnlyForDeploymentPostprocessing = 0;
		};
/* End PBXSourcesBuildPhase section */

/* Begin PBXTargetDependency section */
		04F63B9E2CAAE04A001B4AB4 /* PBXTargetDependency */ = {
			isa = PBXTargetDependency;
			target = 04F63B852CAAE047001B4AB4 /* Collections */;
			targetProxy = 04F63B9D2CAAE04A001B4AB4 /* PBXContainerItemProxy */;
		};
		04F63BA82CAAE04A001B4AB4 /* PBXTargetDependency */ = {
			isa = PBXTargetDependency;
			target = 04F63B852CAAE047001B4AB4 /* Collections */;
			targetProxy = 04F63BA72CAAE04A001B4AB4 /* PBXContainerItemProxy */;
		};
/* End PBXTargetDependency section */

/* Begin XCBuildConfiguration section */
		04F63BB02CAAE04A001B4AB4 /* Debug */ = {
			isa = XCBuildConfiguration;
			buildSettings = {
				ASSETCATALOG_COMPILER_APPICON_NAME = AppIcon;
				ASSETCATALOG_COMPILER_GLOBAL_ACCENT_COLOR_NAME = AccentColor;
				CODE_SIGN_STYLE = Automatic;
				CURRENT_PROJECT_VERSION = 1;
				DEVELOPMENT_TEAM = 6D4397MTLK;
				GENERATE_INFOPLIST_FILE = YES;
				INFOPLIST_FILE = Collections/Info.plist;
				INFOPLIST_KEY_UIApplicationSupportsIndirectInputEvents = YES;
				INFOPLIST_KEY_UILaunchStoryboardName = LaunchScreen;
				INFOPLIST_KEY_UISupportedInterfaceOrientations_iPad = "UIInterfaceOrientationPortrait UIInterfaceOrientationPortraitUpsideDown UIInterfaceOrientationLandscapeLeft UIInterfaceOrientationLandscapeRight";
				INFOPLIST_KEY_UISupportedInterfaceOrientations_iPhone = "UIInterfaceOrientationPortrait UIInterfaceOrientationLandscapeLeft UIInterfaceOrientationLandscapeRight";
				LD_RUNPATH_SEARCH_PATHS = (
					"$(inherited)",
					"@executable_path/Frameworks",
				);
				MARKETING_VERSION = 1.0;
				PRODUCT_BUNDLE_IDENTIFIER = olehLiuklian.Collections;
				PRODUCT_NAME = "$(TARGET_NAME)";
				SWIFT_EMIT_LOC_STRINGS = YES;
				SWIFT_VERSION = 5.0;
				TARGETED_DEVICE_FAMILY = "1,2";
			};
			name = Debug;
		};
		04F63BB12CAAE04A001B4AB4 /* Release */ = {
			isa = XCBuildConfiguration;
			buildSettings = {
				ASSETCATALOG_COMPILER_APPICON_NAME = AppIcon;
				ASSETCATALOG_COMPILER_GLOBAL_ACCENT_COLOR_NAME = AccentColor;
				CODE_SIGN_STYLE = Automatic;
				CURRENT_PROJECT_VERSION = 1;
				DEVELOPMENT_TEAM = 6D4397MTLK;
				GENERATE_INFOPLIST_FILE = YES;
				INFOPLIST_FILE = Collections/Info.plist;
				INFOPLIST_KEY_UIApplicationSupportsIndirectInputEvents = YES;
				INFOPLIST_KEY_UILaunchStoryboardName = LaunchScreen;
				INFOPLIST_KEY_UISupportedInterfaceOrientations_iPad = "UIInterfaceOrientationPortrait UIInterfaceOrientationPortraitUpsideDown UIInterfaceOrientationLandscapeLeft UIInterfaceOrientationLandscapeRight";
				INFOPLIST_KEY_UISupportedInterfaceOrientations_iPhone = "UIInterfaceOrientationPortrait UIInterfaceOrientationLandscapeLeft UIInterfaceOrientationLandscapeRight";
				LD_RUNPATH_SEARCH_PATHS = (
					"$(inherited)",
					"@executable_path/Frameworks",
				);
				MARKETING_VERSION = 1.0;
				PRODUCT_BUNDLE_IDENTIFIER = olehLiuklian.Collections;
				PRODUCT_NAME = "$(TARGET_NAME)";
				SWIFT_EMIT_LOC_STRINGS = YES;
				SWIFT_VERSION = 5.0;
				TARGETED_DEVICE_FAMILY = "1,2";
			};
			name = Release;
		};
		04F63BB22CAAE04A001B4AB4 /* Debug */ = {
			isa = XCBuildConfiguration;
			buildSettings = {
				ALWAYS_SEARCH_USER_PATHS = NO;
				ASSETCATALOG_COMPILER_GENERATE_SWIFT_ASSET_SYMBOL_EXTENSIONS = YES;
				CLANG_ANALYZER_NONNULL = YES;
				CLANG_ANALYZER_NUMBER_OBJECT_CONVERSION = YES_AGGRESSIVE;
				CLANG_CXX_LANGUAGE_STANDARD = "gnu++20";
				CLANG_ENABLE_MODULES = YES;
				CLANG_ENABLE_OBJC_ARC = YES;
				CLANG_ENABLE_OBJC_WEAK = YES;
				CLANG_WARN_BLOCK_CAPTURE_AUTORELEASING = YES;
				CLANG_WARN_BOOL_CONVERSION = YES;
				CLANG_WARN_COMMA = YES;
				CLANG_WARN_CONSTANT_CONVERSION = YES;
				CLANG_WARN_DEPRECATED_OBJC_IMPLEMENTATIONS = YES;
				CLANG_WARN_DIRECT_OBJC_ISA_USAGE = YES_ERROR;
				CLANG_WARN_DOCUMENTATION_COMMENTS = YES;
				CLANG_WARN_EMPTY_BODY = YES;
				CLANG_WARN_ENUM_CONVERSION = YES;
				CLANG_WARN_INFINITE_RECURSION = YES;
				CLANG_WARN_INT_CONVERSION = YES;
				CLANG_WARN_NON_LITERAL_NULL_CONVERSION = YES;
				CLANG_WARN_OBJC_IMPLICIT_RETAIN_SELF = YES;
				CLANG_WARN_OBJC_LITERAL_CONVERSION = YES;
				CLANG_WARN_OBJC_ROOT_CLASS = YES_ERROR;
				CLANG_WARN_QUOTED_INCLUDE_IN_FRAMEWORK_HEADER = YES;
				CLANG_WARN_RANGE_LOOP_ANALYSIS = YES;
				CLANG_WARN_STRICT_PROTOTYPES = YES;
				CLANG_WARN_SUSPICIOUS_MOVE = YES;
				CLANG_WARN_UNGUARDED_AVAILABILITY = YES_AGGRESSIVE;
				CLANG_WARN_UNREACHABLE_CODE = YES;
				CLANG_WARN__DUPLICATE_METHOD_MATCH = YES;
				COPY_PHASE_STRIP = NO;
				DEBUG_INFORMATION_FORMAT = dwarf;
				ENABLE_STRICT_OBJC_MSGSEND = YES;
				ENABLE_TESTABILITY = YES;
				ENABLE_USER_SCRIPT_SANDBOXING = YES;
				GCC_C_LANGUAGE_STANDARD = gnu17;
				GCC_DYNAMIC_NO_PIC = NO;
				GCC_NO_COMMON_BLOCKS = YES;
				GCC_OPTIMIZATION_LEVEL = 0;
				GCC_PREPROCESSOR_DEFINITIONS = (
					"DEBUG=1",
					"$(inherited)",
				);
				GCC_WARN_64_TO_32_BIT_CONVERSION = YES;
				GCC_WARN_ABOUT_RETURN_TYPE = YES_ERROR;
				GCC_WARN_UNDECLARED_SELECTOR = YES;
				GCC_WARN_UNINITIALIZED_AUTOS = YES_AGGRESSIVE;
				GCC_WARN_UNUSED_FUNCTION = YES;
				GCC_WARN_UNUSED_VARIABLE = YES;
				IPHONEOS_DEPLOYMENT_TARGET = 18.0;
				LOCALIZATION_PREFERS_STRING_CATALOGS = YES;
				MTL_ENABLE_DEBUG_INFO = INCLUDE_SOURCE;
				MTL_FAST_MATH = YES;
				ONLY_ACTIVE_ARCH = YES;
				SDKROOT = iphoneos;
				SWIFT_ACTIVE_COMPILATION_CONDITIONS = "DEBUG $(inherited)";
				SWIFT_OPTIMIZATION_LEVEL = "-Onone";
			};
			name = Debug;
		};
		04F63BB32CAAE04A001B4AB4 /* Release */ = {
			isa = XCBuildConfiguration;
			buildSettings = {
				ALWAYS_SEARCH_USER_PATHS = NO;
				ASSETCATALOG_COMPILER_GENERATE_SWIFT_ASSET_SYMBOL_EXTENSIONS = YES;
				CLANG_ANALYZER_NONNULL = YES;
				CLANG_ANALYZER_NUMBER_OBJECT_CONVERSION = YES_AGGRESSIVE;
				CLANG_CXX_LANGUAGE_STANDARD = "gnu++20";
				CLANG_ENABLE_MODULES = YES;
				CLANG_ENABLE_OBJC_ARC = YES;
				CLANG_ENABLE_OBJC_WEAK = YES;
				CLANG_WARN_BLOCK_CAPTURE_AUTORELEASING = YES;
				CLANG_WARN_BOOL_CONVERSION = YES;
				CLANG_WARN_COMMA = YES;
				CLANG_WARN_CONSTANT_CONVERSION = YES;
				CLANG_WARN_DEPRECATED_OBJC_IMPLEMENTATIONS = YES;
				CLANG_WARN_DIRECT_OBJC_ISA_USAGE = YES_ERROR;
				CLANG_WARN_DOCUMENTATION_COMMENTS = YES;
				CLANG_WARN_EMPTY_BODY = YES;
				CLANG_WARN_ENUM_CONVERSION = YES;
				CLANG_WARN_INFINITE_RECURSION = YES;
				CLANG_WARN_INT_CONVERSION = YES;
				CLANG_WARN_NON_LITERAL_NULL_CONVERSION = YES;
				CLANG_WARN_OBJC_IMPLICIT_RETAIN_SELF = YES;
				CLANG_WARN_OBJC_LITERAL_CONVERSION = YES;
				CLANG_WARN_OBJC_ROOT_CLASS = YES_ERROR;
				CLANG_WARN_QUOTED_INCLUDE_IN_FRAMEWORK_HEADER = YES;
				CLANG_WARN_RANGE_LOOP_ANALYSIS = YES;
				CLANG_WARN_STRICT_PROTOTYPES = YES;
				CLANG_WARN_SUSPICIOUS_MOVE = YES;
				CLANG_WARN_UNGUARDED_AVAILABILITY = YES_AGGRESSIVE;
				CLANG_WARN_UNREACHABLE_CODE = YES;
				CLANG_WARN__DUPLICATE_METHOD_MATCH = YES;
				COPY_PHASE_STRIP = NO;
				DEBUG_INFORMATION_FORMAT = "dwarf-with-dsym";
				ENABLE_NS_ASSERTIONS = NO;
				ENABLE_STRICT_OBJC_MSGSEND = YES;
				ENABLE_USER_SCRIPT_SANDBOXING = YES;
				GCC_C_LANGUAGE_STANDARD = gnu17;
				GCC_NO_COMMON_BLOCKS = YES;
				GCC_WARN_64_TO_32_BIT_CONVERSION = YES;
				GCC_WARN_ABOUT_RETURN_TYPE = YES_ERROR;
				GCC_WARN_UNDECLARED_SELECTOR = YES;
				GCC_WARN_UNINITIALIZED_AUTOS = YES_AGGRESSIVE;
				GCC_WARN_UNUSED_FUNCTION = YES;
				GCC_WARN_UNUSED_VARIABLE = YES;
				IPHONEOS_DEPLOYMENT_TARGET = 18.0;
				LOCALIZATION_PREFERS_STRING_CATALOGS = YES;
				MTL_ENABLE_DEBUG_INFO = NO;
				MTL_FAST_MATH = YES;
				SDKROOT = iphoneos;
				SWIFT_COMPILATION_MODE = wholemodule;
				VALIDATE_PRODUCT = YES;
			};
			name = Release;
		};
		04F63BB52CAAE04A001B4AB4 /* Debug */ = {
			isa = XCBuildConfiguration;
			buildSettings = {
				BUNDLE_LOADER = "$(TEST_HOST)";
				CODE_SIGN_STYLE = Automatic;
				CURRENT_PROJECT_VERSION = 1;
				DEVELOPMENT_TEAM = 6D4397MTLK;
				GENERATE_INFOPLIST_FILE = YES;
				IPHONEOS_DEPLOYMENT_TARGET = 18.0;
				MARKETING_VERSION = 1.0;
				PRODUCT_BUNDLE_IDENTIFIER = olehLiuklian.CollectionsTests;
				PRODUCT_NAME = "$(TARGET_NAME)";
				SWIFT_EMIT_LOC_STRINGS = NO;
				SWIFT_VERSION = 5.0;
				TARGETED_DEVICE_FAMILY = "1,2";
				TEST_HOST = "$(BUILT_PRODUCTS_DIR)/Collections.app/$(BUNDLE_EXECUTABLE_FOLDER_PATH)/Collections";
			};
			name = Debug;
		};
		04F63BB62CAAE04A001B4AB4 /* Release */ = {
			isa = XCBuildConfiguration;
			buildSettings = {
				BUNDLE_LOADER = "$(TEST_HOST)";
				CODE_SIGN_STYLE = Automatic;
				CURRENT_PROJECT_VERSION = 1;
				DEVELOPMENT_TEAM = 6D4397MTLK;
				GENERATE_INFOPLIST_FILE = YES;
				IPHONEOS_DEPLOYMENT_TARGET = 18.0;
				MARKETING_VERSION = 1.0;
				PRODUCT_BUNDLE_IDENTIFIER = olehLiuklian.CollectionsTests;
				PRODUCT_NAME = "$(TARGET_NAME)";
				SWIFT_EMIT_LOC_STRINGS = NO;
				SWIFT_VERSION = 5.0;
				TARGETED_DEVICE_FAMILY = "1,2";
				TEST_HOST = "$(BUILT_PRODUCTS_DIR)/Collections.app/$(BUNDLE_EXECUTABLE_FOLDER_PATH)/Collections";
			};
			name = Release;
		};
		04F63BB82CAAE04A001B4AB4 /* Debug */ = {
			isa = XCBuildConfiguration;
			buildSettings = {
				CODE_SIGN_STYLE = Automatic;
				CURRENT_PROJECT_VERSION = 1;
				DEVELOPMENT_TEAM = 6D4397MTLK;
				GENERATE_INFOPLIST_FILE = YES;
				MARKETING_VERSION = 1.0;
				PRODUCT_BUNDLE_IDENTIFIER = olehLiuklian.CollectionsUITests;
				PRODUCT_NAME = "$(TARGET_NAME)";
				SWIFT_EMIT_LOC_STRINGS = NO;
				SWIFT_VERSION = 5.0;
				TARGETED_DEVICE_FAMILY = "1,2";
				TEST_TARGET_NAME = Collections;
			};
			name = Debug;
		};
		04F63BB92CAAE04A001B4AB4 /* Release */ = {
			isa = XCBuildConfiguration;
			buildSettings = {
				CODE_SIGN_STYLE = Automatic;
				CURRENT_PROJECT_VERSION = 1;
				DEVELOPMENT_TEAM = 6D4397MTLK;
				GENERATE_INFOPLIST_FILE = YES;
				MARKETING_VERSION = 1.0;
				PRODUCT_BUNDLE_IDENTIFIER = olehLiuklian.CollectionsUITests;
				PRODUCT_NAME = "$(TARGET_NAME)";
				SWIFT_EMIT_LOC_STRINGS = NO;
				SWIFT_VERSION = 5.0;
				TARGETED_DEVICE_FAMILY = "1,2";
				TEST_TARGET_NAME = Collections;
			};
			name = Release;
		};
/* End XCBuildConfiguration section */

/* Begin XCConfigurationList section */
		04F63B812CAAE047001B4AB4 /* Build configuration list for PBXProject "Collections" */ = {
			isa = XCConfigurationList;
			buildConfigurations = (
				04F63BB22CAAE04A001B4AB4 /* Debug */,
				04F63BB32CAAE04A001B4AB4 /* Release */,
			);
			defaultConfigurationIsVisible = 0;
			defaultConfigurationName = Release;
		};
		04F63BAF2CAAE04A001B4AB4 /* Build configuration list for PBXNativeTarget "Collections" */ = {
			isa = XCConfigurationList;
			buildConfigurations = (
				04F63BB02CAAE04A001B4AB4 /* Debug */,
				04F63BB12CAAE04A001B4AB4 /* Release */,
			);
			defaultConfigurationIsVisible = 0;
			defaultConfigurationName = Release;
		};
		04F63BB42CAAE04A001B4AB4 /* Build configuration list for PBXNativeTarget "CollectionsTests" */ = {
			isa = XCConfigurationList;
			buildConfigurations = (
				04F63BB52CAAE04A001B4AB4 /* Debug */,
				04F63BB62CAAE04A001B4AB4 /* Release */,
			);
			defaultConfigurationIsVisible = 0;
			defaultConfigurationName = Release;
		};
		04F63BB72CAAE04A001B4AB4 /* Build configuration list for PBXNativeTarget "CollectionsUITests" */ = {
			isa = XCConfigurationList;
			buildConfigurations = (
				04F63BB82CAAE04A001B4AB4 /* Debug */,
				04F63BB92CAAE04A001B4AB4 /* Release */,
			);
			defaultConfigurationIsVisible = 0;
			defaultConfigurationName = Release;
		};
/* End XCConfigurationList section */

/* Begin XCRemoteSwiftPackageReference section */
		04F63BBC2CAAE66A001B4AB4 /* XCRemoteSwiftPackageReference "SnapKit" */ = {
			isa = XCRemoteSwiftPackageReference;
			repositoryURL = "https://github.com/SnapKit/SnapKit";
			requirement = {
				kind = upToNextMajorVersion;
				minimumVersion = 5.7.1;
			};
		};
/* End XCRemoteSwiftPackageReference section */

/* Begin XCSwiftPackageProductDependency section */
		04F63BBD2CAAE66A001B4AB4 /* SnapKit */ = {
			isa = XCSwiftPackageProductDependency;
			package = 04F63BBC2CAAE66A001B4AB4 /* XCRemoteSwiftPackageReference "SnapKit" */;
			productName = SnapKit;
		};
/* End XCSwiftPackageProductDependency section */
	};
	rootObject = 04F63B7E2CAAE047001B4AB4 /* Project object */;
}
